
Microsoft Visual Studio Solution File, Format Version 12.00
# Visual Studio Version 16
VisualStudioVersion = 16.0.34031.81
MinimumVisualStudioVersion = 10.0.40219.1
Project("{FAE04EC0-301F-11D3-BF4B-00C04F79EFBC}") = "Yamifood", "Yamifood\Yamifood.csproj", "{467B7139-34DE-4AFA-A77D-CC506F13FB4F}"
EndProject
Global
	GlobalSection(SolutionConfigurationPlatforms) = preSolution
		Debug|Any CPU = Debug|Any CPU
		Release|Any CPU = Release|Any CPU
	EndGlobalSection
	GlobalSection(ProjectConfigurationPlatforms) = postSolution
		{467B7139-34DE-4AFA-A77D-CC506F13FB4F}.Debug|Any CPU.ActiveCfg = Debug|Any CPU
		{467B7139-34DE-4AFA-A77D-CC506F13FB4F}.Debug|Any CPU.Build.0 = Debug|Any CPU
		{467B7139-34DE-4AFA-A77D-CC506F13FB4F}.Release|Any CPU.ActiveCfg = Release|Any CPU
		{467B7139-34DE-4AFA-A77D-CC506F13FB4F}.Release|Any CPU.Build.0 = Release|Any CPU
	EndGlobalSection
	GlobalSection(SolutionProperties) = preSolution
		HideSolutionNode = FALSE
	EndGlobalSection
	GlobalSection(ExtensibilityGlobals) = postSolution
		SolutionGuid = {084C938B-2864-4733-892D-E77CE6FD26DA}
	EndGlobalSection
EndGlobal
